
Microsoft Visual Studio Solution File, Format Version 12.00
# Visual Studio Version 16
VisualStudioVersion = 16.0.30320.27
MinimumVisualStudioVersion = 10.0.40219.1
Project("{9A19103F-16F7-4668-BE54-9A1E7A4F7556}") = "CLI.DbMigrator", "CL.DbMigrator\CLI.DbMigrator.csproj", "{1358D135-52A5-44F1-B390-02C1F1FA53A1}"
EndProject
Global
	GlobalSection(SolutionConfigurationPlatforms) = preSolution
		Debug|Any CPU = Debug|Any CPU
		Release|Any CPU = Release|Any CPU
	EndGlobalSection
	GlobalSection(ProjectConfigurationPlatforms) = postSolution
		{1358D135-52A5-44F1-B390-02C1F1FA53A1}.Debug|Any CPU.ActiveCfg = Debug|Any CPU
		{1358D135-52A5-44F1-B390-02C1F1FA53A1}.Debug|Any CPU.Build.0 = Debug|Any CPU
		{1358D135-52A5-44F1-B390-02C1F1FA53A1}.Release|Any CPU.ActiveCfg = Release|Any CPU
		{1358D135-52A5-44F1-B390-02C1F1FA53A1}.Release|Any CPU.Build.0 = Release|Any CPU
	EndGlobalSection
	GlobalSection(SolutionProperties) = preSolution
		HideSolutionNode = FALSE
	EndGlobalSection
	GlobalSection(ExtensibilityGlobals) = postSolution
		SolutionGuid = {3DB9E51D-3936-41F2-9D9E-FE3C135A612E}
	EndGlobalSection
EndGlobal
